// !$*UTF8*$!
{
	archiveVersion = 1;
	classes = {
	};
	objectVersion = 46;
	objects = {

/* Begin PBXBuildFile section */
		ABFBB2531F83336D00416CA6 /* main.c in Sources */ = {isa = PBXBuildFile; fileRef = ABFBB2521F83336D00416CA6 /* main.c */; };
		ABFBB25D1F83345500416CA6 /* GuaList.c in Sources */ = {isa = PBXBuildFile; fileRef = ABFBB2591F83345500416CA6 /* GuaList.c */; };
		ABFBB25E1F83345500416CA6 /* GuaTest.c in Sources */ = {isa = PBXBuildFile; fileRef = ABFBB25B1F83345500416CA6 /* GuaTest.c */; };
		ABFBB2611F83C02C00416CA6 /* GuaStack.c in Sources */ = {isa = PBXBuildFile; fileRef = ABFBB25F1F83C02C00416CA6 /* GuaStack.c */; };
		ABFBB2641F83D5FB00416CA6 /* GuaQueue.c in Sources */ = {isa = PBXBuildFile; fileRef = ABFBB2621F83D5FB00416CA6 /* GuaQueue.c */; };
/* End PBXBuildFile section */

/* Begin PBXCopyFilesBuildPhase section */
		ABFBB24D1F83336D00416CA6 /* CopyFiles */ = {
			isa = PBXCopyFilesBuildPhase;
			buildActionMask = 2147483647;
			dstPath = /usr/share/man/man1/;
			dstSubfolderSpec = 0;
			files = (
			);
			runOnlyForDeploymentPostprocessing = 1;
		};
/* End PBXCopyFilesBuildPhase section */

/* Begin PBXFileReference section */
		ABFBB24F1F83336D00416CA6 /* axe2 */ = {isa = PBXFileReference; explicitFileType = "compiled.mach-o.executable"; includeInIndex = 0; path = axe2; sourceTree = BUILT_PRODUCTS_DIR; };
		ABFBB2521F83336D00416CA6 /* main.c */ = {isa = PBXFileReference; lastKnownFileType = sourcecode.c.c; path = main.c; sourceTree = "<group>"; };
		ABFBB2591F83345500416CA6 /* GuaList.c */ = {isa = PBXFileReference; fileEncoding = 4; lastKnownFileType = sourcecode.c.c; path = GuaList.c; sourceTree = "<group>"; };
		ABFBB25A1F83345500416CA6 /* GuaList.h */ = {isa = PBXFileReference; fileEncoding = 4; lastKnownFileType = sourcecode.c.h; path = GuaList.h; sourceTree = "<group>"; };
		ABFBB25B1F83345500416CA6 /* GuaTest.c */ = {isa = PBXFileReference; fileEncoding = 4; lastKnownFileType = sourcecode.c.c; path = GuaTest.c; sourceTree = "<group>"; };
		ABFBB25C1F83345500416CA6 /* GuaTest.h */ = {isa = PBXFileReference; fileEncoding = 4; lastKnownFileType = sourcecode.c.h; path = GuaTest.h; sourceTree = "<group>"; };
		ABFBB25F1F83C02C00416CA6 /* GuaStack.c */ = {isa = PBXFileReference; fileEncoding = 4; lastKnownFileType = sourcecode.c.c; path = GuaStack.c; sourceTree = "<group>"; };
		ABFBB2601F83C02C00416CA6 /* GuaStack.h */ = {isa = PBXFileReference; fileEncoding = 4; lastKnownFileType = sourcecode.c.h; path = GuaStack.h; sourceTree = "<group>"; };
		ABFBB2621F83D5FB00416CA6 /* GuaQueue.c */ = {isa = PBXFileReference; fileEncoding = 4; lastKnownFileType = sourcecode.c.c; path = GuaQueue.c; sourceTree = "<group>"; };
		ABFBB2631F83D5FB00416CA6 /* GuaQueue.h */ = {isa = PBXFileReference; fileEncoding = 4; lastKnownFileType = sourcecode.c.h; path = GuaQueue.h; sourceTree = "<group>"; };
/* End PBXFileReference section */

/* Begin PBXFrameworksBuildPhase section */
		ABFBB24C1F83336D00416CA6 /* Frameworks */ = {
			isa = PBXFrameworksBuildPhase;
			buildActionMask = 2147483647;
			files = (
			);
			runOnlyForDeploymentPostprocessing = 0;
		};
/* End PBXFrameworksBuildPhase section */

/* Begin PBXGroup section */
		ABFBB2461F83336D00416CA6 = {
			isa = PBXGroup;
			children = (
				ABFBB2511F83336D00416CA6 /* axe2 */,
				ABFBB2501F83336D00416CA6 /* Products */,
			);
			sourceTree = "<group>";
		};
		ABFBB2501F83336D00416CA6 /* Products */ = {
			isa = PBXGroup;
			children = (
				ABFBB24F1F83336D00416CA6 /* axe2 */,
			);
			name = Products;
			sourceTree = "<group>";
		};
		ABFBB2511F83336D00416CA6 /* axe2 */ = {
			isa = PBXGroup;
			children = (
				ABFBB2521F83336D00416CA6 /* main.c */,
				ABFBB2591F83345500416CA6 /* GuaList.c */,
				ABFBB25A1F83345500416CA6 /* GuaList.h */,
				ABFBB25B1F83345500416CA6 /* GuaTest.c */,
				ABFBB25C1F83345500416CA6 /* GuaTest.h */,
				ABFBB25F1F83C02C00416CA6 /* GuaStack.c */,
				ABFBB2601F83C02C00416CA6 /* GuaStack.h */,
				ABFBB2621F83D5FB00416CA6 /* GuaQueue.c */,
				ABFBB2631F83D5FB00416CA6 /* GuaQueue.h */,
			);
			path = axe2;
			sourceTree = "<group>";
		};
/* End PBXGroup section */

/* Begin PBXNativeTarget section */
		ABFBB24E1F83336D00416CA6 /* axe2 */ = {
			isa = PBXNativeTarget;
			buildConfigurationList = ABFBB2561F83336D00416CA6 /* Build configuration list for PBXNativeTarget "axe2" */;
			buildPhases = (
				ABFBB24B1F83336D00416CA6 /* Sources */,
				ABFBB24C1F83336D00416CA6 /* Frameworks */,
				ABFBB24D1F83336D00416CA6 /* CopyFiles */,
			);
			buildRules = (
			);
			dependencies = (
			);
			name = axe2;
			productName = axe2;
			productReference = ABFBB24F1F83336D00416CA6 /* axe2 */;
			productType = "com.apple.product-type.tool";
		};
/* End PBXNativeTarget section */

/* Begin PBXProject section */
		ABFBB2471F83336D00416CA6 /* Project object */ = {
			isa = PBXProject;
			attributes = {
				LastUpgradeCheck = 0830;
				ORGANIZATIONNAME = Daisy;
				TargetAttributes = {
					ABFBB24E1F83336D00416CA6 = {
						CreatedOnToolsVersion = 8.3.3;
						ProvisioningStyle = Automatic;
					};
				};
			};
			buildConfigurationList = ABFBB24A1F83336D00416CA6 /* Build configuration list for PBXProject "axe2" */;
			compatibilityVersion = "Xcode 3.2";
			developmentRegion = English;
			hasScannedForEncodings = 0;
			knownRegions = (
				en,
			);
			mainGroup = ABFBB2461F83336D00416CA6;
			productRefGroup = ABFBB2501F83336D00416CA6 /* Products */;
			projectDirPath = "";
			projectRoot = "";
			targets = (
				ABFBB24E1F83336D00416CA6 /* axe2 */,
			);
		};
/* End PBXProject section */

/* Begin PBXSourcesBuildPhase section */
		ABFBB24B1F83336D00416CA6 /* Sources */ = {
			isa = PBXSourcesBuildPhase;
			buildActionMask = 2147483647;
			files = (
				ABFBB2641F83D5FB00416CA6 /* GuaQueue.c in Sources */,
				ABFBB2531F83336D00416CA6 /* main.c in Sources */,
				ABFBB25E1F83345500416CA6 /* GuaTest.c in Sources */,
				ABFBB2611F83C02C00416CA6 /* GuaStack.c in Sources */,
				ABFBB25D1F83345500416CA6 /* GuaList.c in Sources */,
			);
			runOnlyForDeploymentPostprocessing = 0;
		};
/* End PBXSourcesBuildPhase section */

/* Begin XCBuildConfiguration section */
		ABFBB2541F83336D00416CA6 /* Debug */ = {
			isa = XCBuildConfiguration;
			buildSettings = {
				ALWAYS_SEARCH_USER_PATHS = NO;
				CLANG_ANALYZER_NONNULL = YES;
				CLANG_ANALYZER_NUMBER_OBJECT_CONVERSION = YES_AGGRESSIVE;
				CLANG_CXX_LANGUAGE_STANDARD = "gnu++0x";
				CLANG_CXX_LIBRARY = "libc++";
				CLANG_ENABLE_MODULES = YES;
				CLANG_ENABLE_OBJC_ARC = YES;
				CLANG_WARN_BOOL_CONVERSION = YES;
				CLANG_WARN_CONSTANT_CONVERSION = YES;
				CLANG_WARN_DIRECT_OBJC_ISA_USAGE = YES_ERROR;
				CLANG_WARN_DOCUMENTATION_COMMENTS = YES;
				CLANG_WARN_EMPTY_BODY = YES;
				CLANG_WARN_ENUM_CONVERSION = YES;
				CLANG_WARN_INFINITE_RECURSION = YES;
				CLANG_WARN_INT_CONVERSION = YES;
				CLANG_WARN_OBJC_ROOT_CLASS = YES_ERROR;
				CLANG_WARN_SUSPICIOUS_MOVE = YES;
				CLANG_WARN_UNREACHABLE_CODE = YES;
				CLANG_WARN__DUPLICATE_METHOD_MATCH = YES;
				CODE_SIGN_IDENTITY = "-";
				COPY_PHASE_STRIP = NO;
				DEBUG_INFORMATION_FORMAT = dwarf;
				ENABLE_STRICT_OBJC_MSGSEND = YES;
				ENABLE_TESTABILITY = YES;
				GCC_C_LANGUAGE_STANDARD = gnu99;
				GCC_DYNAMIC_NO_PIC = NO;
				GCC_NO_COMMON_BLOCKS = YES;
				GCC_OPTIMIZATION_LEVEL = 0;
				GCC_PREPROCESSOR_DEFINITIONS = (
					"DEBUG=1",
					"$(inherited)",
				);
				GCC_WARN_64_TO_32_BIT_CONVERSION = YES;
				GCC_WARN_ABOUT_RETURN_TYPE = YES_ERROR;
				GCC_WARN_UNDECLARED_SELECTOR = YES;
				GCC_WARN_UNINITIALIZED_AUTOS = YES_AGGRESSIVE;
				GCC_WARN_UNUSED_FUNCTION = YES;
				GCC_WARN_UNUSED_VARIABLE = YES;
				MACOSX_DEPLOYMENT_TARGET = 10.12;
				MTL_ENABLE_DEBUG_INFO = YES;
				ONLY_ACTIVE_ARCH = YES;
				SDKROOT = macosx;
			};
			name = Debug;
		};
		ABFBB2551F83336D00416CA6 /* Release */ = {
			isa = XCBuildConfiguration;
			buildSettings = {
				ALWAYS_SEARCH_USER_PATHS = NO;
				CLANG_ANALYZER_NONNULL = YES;
				CLANG_ANALYZER_NUMBER_OBJECT_CONVERSION = YES_AGGRESSIVE;
				CLANG_CXX_LANGUAGE_STANDARD = "gnu++0x";
				CLANG_CXX_LIBRARY = "libc++";
				CLANG_ENABLE_MODULES = YES;
				CLANG_ENABLE_OBJC_ARC = YES;
				CLANG_WARN_BOOL_CONVERSION = YES;
				CLANG_WARN_CONSTANT_CONVERSION = YES;
				CLANG_WARN_DIRECT_OBJC_ISA_USAGE = YES_ERROR;
				CLANG_WARN_DOCUMENTATION_COMMENTS = YES;
				CLANG_WARN_EMPTY_BODY = YES;
				CLANG_WARN_ENUM_CONVERSION = YES;
				CLANG_WARN_INFINITE_RECURSION = YES;
				CLANG_WARN_INT_CONVERSION = YES;
				CLANG_WARN_OBJC_ROOT_CLASS = YES_ERROR;
				CLANG_WARN_SUSPICIOUS_MOVE = YES;
				CLANG_WARN_UNREACHABLE_CODE = YES;
				CLANG_WARN__DUPLICATE_METHOD_MATCH = YES;
				CODE_SIGN_IDENTITY = "-";
				COPY_PHASE_STRIP = NO;
				DEBUG_INFORMATION_FORMAT = "dwarf-with-dsym";
				ENABLE_NS_ASSERTIONS = NO;
				ENABLE_STRICT_OBJC_MSGSEND = YES;
				GCC_C_LANGUAGE_STANDARD = gnu99;
				GCC_NO_COMMON_BLOCKS = YES;
				GCC_WARN_64_TO_32_BIT_CONVERSION = YES;
				GCC_WARN_ABOUT_RETURN_TYPE = YES_ERROR;
				GCC_WARN_UNDECLARED_SELECTOR = YES;
				GCC_WARN_UNINITIALIZED_AUTOS = YES_AGGRESSIVE;
				GCC_WARN_UNUSED_FUNCTION = YES;
				GCC_WARN_UNUSED_VARIABLE = YES;
				MACOSX_DEPLOYMENT_TARGET = 10.12;
				MTL_ENABLE_DEBUG_INFO = NO;
				SDKROOT = macosx;
			};
			name = Release;
		};
		ABFBB2571F83336D00416CA6 /* Debug */ = {
			isa = XCBuildConfiguration;
			buildSettings = {
				PRODUCT_NAME = "$(TARGET_NAME)";
			};
			name = Debug;
		};
		ABFBB2581F83336D00416CA6 /* Release */ = {
			isa = XCBuildConfiguration;
			buildSettings = {
				PRODUCT_NAME = "$(TARGET_NAME)";
			};
			name = Release;
		};
/* End XCBuildConfiguration section */

/* Begin XCConfigurationList section */
		ABFBB24A1F83336D00416CA6 /* Build configuration list for PBXProject "axe2" */ = {
			isa = XCConfigurationList;
			buildConfigurations = (
				ABFBB2541F83336D00416CA6 /* Debug */,
				ABFBB2551F83336D00416CA6 /* Release */,
			);
			defaultConfigurationIsVisible = 0;
			defaultConfigurationName = Release;
		};
		ABFBB2561F83336D00416CA6 /* Build configuration list for PBXNativeTarget "axe2" */ = {
			isa = XCConfigurationList;
			buildConfigurations = (
				ABFBB2571F83336D00416CA6 /* Debug */,
				ABFBB2581F83336D00416CA6 /* Release */,
			);
			defaultConfigurationIsVisible = 0;
			defaultConfigurationName = Release;
		};
/* End XCConfigurationList section */
	};
	rootObject = ABFBB2471F83336D00416CA6 /* Project object */;
}
